// !$*UTF8*$!
{
	archiveVersion = 1;
	classes = {
	};
	objectVersion = 50;
	objects = {

/* Begin PBXBuildFile section */
		677CF71E169F0997F1591199 /* libPods-LottieTutorial.a in Frameworks */ = {isa = PBXBuildFile; fileRef = 2979C95B7D66A25E63E47D06 /* libPods-LottieTutorial.a */; };
		94AF58FB24B04E6800F98598 /* test.json in Resources */ = {isa = PBXBuildFile; fileRef = 94AF58FA24B04E6800F98598 /* test.json */; };
		94AF590324B0522900F98598 /* cat.json in Resources */ = {isa = PBXBuildFile; fileRef = 94AF590224B0522900F98598 /* cat.json */; };
		94AF590524B05B3B00F98598 /* heart.json in Resources */ = {isa = PBXBuildFile; fileRef = 94AF590424B05B3B00F98598 /* heart.json */; };
		94DF7ABD246BF70A00B78D5A /* AppDelegate.swift in Sources */ = {isa = PBXBuildFile; fileRef = 94DF7ABC246BF70A00B78D5A /* AppDelegate.swift */; };
		94DF7ABF246BF70A00B78D5A /* SceneDelegate.swift in Sources */ = {isa = PBXBuildFile; fileRef = 94DF7ABE246BF70A00B78D5A /* SceneDelegate.swift */; };
		94DF7AC1246BF70A00B78D5A /* ViewController.swift in Sources */ = {isa = PBXBuildFile; fileRef = 94DF7AC0246BF70A00B78D5A /* ViewController.swift */; };
		94DF7AC4246BF70A00B78D5A /* Main.storyboard in Resources */ = {isa = PBXBuildFile; fileRef = 94DF7AC2246BF70A00B78D5A /* Main.storyboard */; };
		94DF7AC6246BF70C00B78D5A /* Assets.xcassets in Resources */ = {isa = PBXBuildFile; fileRef = 94DF7AC5246BF70C00B78D5A /* Assets.xcassets */; };
		94DF7AC9246BF70C00B78D5A /* LaunchScreen.storyboard in Resources */ = {isa = PBXBuildFile; fileRef = 94DF7AC7246BF70C00B78D5A /* LaunchScreen.storyboard */; };
		94F19B62246CBEA600710A0A /* download.json in Resources */ = {isa = PBXBuildFile; fileRef = 94F19B61246CBEA600710A0A /* download.json */; };
		94F19B64246CDDFF00710A0A /* DownloadViewController.swift in Sources */ = {isa = PBXBuildFile; fileRef = 94F19B63246CDDFF00710A0A /* DownloadViewController.swift */; };
		94F19B68246CDEA900710A0A /* DownloadViewController.xib in Resources */ = {isa = PBXBuildFile; fileRef = 94F19B67246CDEA900710A0A /* DownloadViewController.xib */; };
		94F19B6E246CE29C00710A0A /* coffee.json in Resources */ = {isa = PBXBuildFile; fileRef = 94F19B6D246CE29C00710A0A /* coffee.json */; };
/* End PBXBuildFile section */

/* Begin PBXFileReference section */
		11C6C5C7959E52B62DF4AC20 /* Pods-LottieTutorial.release.xcconfig */ = {isa = PBXFileReference; includeInIndex = 1; lastKnownFileType = text.xcconfig; name = "Pods-LottieTutorial.release.xcconfig"; path = "Target Support Files/Pods-LottieTutorial/Pods-LottieTutorial.release.xcconfig"; sourceTree = "<group>"; };
		2979C95B7D66A25E63E47D06 /* libPods-LottieTutorial.a */ = {isa = PBXFileReference; explicitFileType = archive.ar; includeInIndex = 0; path = "libPods-LottieTutorial.a"; sourceTree = BUILT_PRODUCTS_DIR; };
		94AF58FA24B04E6800F98598 /* test.json */ = {isa = PBXFileReference; fileEncoding = 4; lastKnownFileType = text.json; path = test.json; sourceTree = "<group>"; };
		94AF590224B0522900F98598 /* cat.json */ = {isa = PBXFileReference; fileEncoding = 4; lastKnownFileType = text.json; path = cat.json; sourceTree = "<group>"; };
		94AF590424B05B3B00F98598 /* heart.json */ = {isa = PBXFileReference; lastKnownFileType = text.json; path = heart.json; sourceTree = "<group>"; };
		94DF7AB9246BF70A00B78D5A /* LottieTutorial.app */ = {isa = PBXFileReference; explicitFileType = wrapper.application; includeInIndex = 0; path = LottieTutorial.app; sourceTree = BUILT_PRODUCTS_DIR; };
		94DF7ABC246BF70A00B78D5A /* AppDelegate.swift */ = {isa = PBXFileReference; lastKnownFileType = sourcecode.swift; path = AppDelegate.swift; sourceTree = "<group>"; };
		94DF7ABE246BF70A00B78D5A /* SceneDelegate.swift */ = {isa = PBXFileReference; lastKnownFileType = sourcecode.swift; path = SceneDelegate.swift; sourceTree = "<group>"; };
		94DF7AC0246BF70A00B78D5A /* ViewController.swift */ = {isa = PBXFileReference; lastKnownFileType = sourcecode.swift; path = ViewController.swift; sourceTree = "<group>"; };
		94DF7AC3246BF70A00B78D5A /* Base */ = {isa = PBXFileReference; lastKnownFileType = file.storyboard; name = Base; path = Base.lproj/Main.storyboard; sourceTree = "<group>"; };
		94DF7AC5246BF70C00B78D5A /* Assets.xcassets */ = {isa = PBXFileReference; lastKnownFileType = folder.assetcatalog; path = Assets.xcassets; sourceTree = "<group>"; };
		94DF7AC8246BF70C00B78D5A /* Base */ = {isa = PBXFileReference; lastKnownFileType = file.storyboard; name = Base; path = Base.lproj/LaunchScreen.storyboard; sourceTree = "<group>"; };
		94DF7ACA246BF70C00B78D5A /* Info.plist */ = {isa = PBXFileReference; lastKnownFileType = text.plist.xml; path = Info.plist; sourceTree = "<group>"; };
		94F19B61246CBEA600710A0A /* download.json */ = {isa = PBXFileReference; fileEncoding = 4; lastKnownFileType = text.json; path = download.json; sourceTree = "<group>"; };
		94F19B63246CDDFF00710A0A /* DownloadViewController.swift */ = {isa = PBXFileReference; lastKnownFileType = sourcecode.swift; path = DownloadViewController.swift; sourceTree = "<group>"; };
		94F19B67246CDEA900710A0A /* DownloadViewController.xib */ = {isa = PBXFileReference; lastKnownFileType = file.xib; path = DownloadViewController.xib; sourceTree = "<group>"; };
		94F19B6D246CE29C00710A0A /* coffee.json */ = {isa = PBXFileReference; fileEncoding = 4; lastKnownFileType = text.json; path = coffee.json; sourceTree = "<group>"; };
		ADCA8163A663384A29AF9A0C /* Pods-LottieTutorialTest.release.xcconfig */ = {isa = PBXFileReference; includeInIndex = 1; lastKnownFileType = text.xcconfig; name = "Pods-LottieTutorialTest.release.xcconfig"; path = "Target Support Files/Pods-LottieTutorialTest/Pods-LottieTutorialTest.release.xcconfig"; sourceTree = "<group>"; };
		C1F1D0DD8B8D226859A9F006 /* Pods-LottieTutorialTest.debug.xcconfig */ = {isa = PBXFileReference; includeInIndex = 1; lastKnownFileType = text.xcconfig; name = "Pods-LottieTutorialTest.debug.xcconfig"; path = "Target Support Files/Pods-LottieTutorialTest/Pods-LottieTutorialTest.debug.xcconfig"; sourceTree = "<group>"; };
		FEBCB43527081FFD6C3F9843 /* Pods-LottieTutorial.debug.xcconfig */ = {isa = PBXFileReference; includeInIndex = 1; lastKnownFileType = text.xcconfig; name = "Pods-LottieTutorial.debug.xcconfig"; path = "Target Support Files/Pods-LottieTutorial/Pods-LottieTutorial.debug.xcconfig"; sourceTree = "<group>"; };
/* End PBXFileReference section */

/* Begin PBXFrameworksBuildPhase section */
		94DF7AB6246BF70A00B78D5A /* Frameworks */ = {
			isa = PBXFrameworksBuildPhase;
			buildActionMask = 2147483647;
			files = (
				677CF71E169F0997F1591199 /* libPods-LottieTutorial.a in Frameworks */,
			);
			runOnlyForDeploymentPostprocessing = 0;
		};
/* End PBXFrameworksBuildPhase section */

/* Begin PBXGroup section */
		057FEB8D1F01BF3392FBC1A4 /* Frameworks */ = {
			isa = PBXGroup;
			children = (
				2979C95B7D66A25E63E47D06 /* libPods-LottieTutorial.a */,
			);
			name = Frameworks;
			sourceTree = "<group>";
		};
		432980B6436805BEB6CD5A9D /* Pods */ = {
			isa = PBXGroup;
			children = (
				C1F1D0DD8B8D226859A9F006 /* Pods-LottieTutorialTest.debug.xcconfig */,
				ADCA8163A663384A29AF9A0C /* Pods-LottieTutorialTest.release.xcconfig */,
				FEBCB43527081FFD6C3F9843 /* Pods-LottieTutorial.debug.xcconfig */,
				11C6C5C7959E52B62DF4AC20 /* Pods-LottieTutorial.release.xcconfig */,
			);
			path = Pods;
			sourceTree = "<group>";
		};
		94DF7AB0246BF70A00B78D5A = {
			isa = PBXGroup;
			children = (
				94DF7ABB246BF70A00B78D5A /* LottieTutorialTest */,
				94DF7ABA246BF70A00B78D5A /* Products */,
				432980B6436805BEB6CD5A9D /* Pods */,
				057FEB8D1F01BF3392FBC1A4 /* Frameworks */,
			);
			sourceTree = "<group>";
		};
		94DF7ABA246BF70A00B78D5A /* Products */ = {
			isa = PBXGroup;
			children = (
				94DF7AB9246BF70A00B78D5A /* LottieTutorial.app */,
			);
			name = Products;
			sourceTree = "<group>";
		};
		94DF7ABB246BF70A00B78D5A /* LottieTutorialTest */ = {
			isa = PBXGroup;
			children = (
				94F19B5F246CBD2300710A0A /* Modules */,
				94F19B5D246CBCEB00710A0A /* Assets */,
				94F19B5E246CBD0300710A0A /* Supporting Files */,
			);
			path = LottieTutorialTest;
			sourceTree = "<group>";
		};
		94F19B5D246CBCEB00710A0A /* Assets */ = {
			isa = PBXGroup;
			children = (
				94DF7AC5246BF70C00B78D5A /* Assets.xcassets */,
				94F19B60246CBD3700710A0A /* Animations */,
			);
			path = Assets;
			sourceTree = "<group>";
		};
		94F19B5E246CBD0300710A0A /* Supporting Files */ = {
			isa = PBXGroup;
			children = (
				94DF7ABC246BF70A00B78D5A /* AppDelegate.swift */,
				94DF7ABE246BF70A00B78D5A /* SceneDelegate.swift */,
				94DF7AC7246BF70C00B78D5A /* LaunchScreen.storyboard */,
				94DF7ACA246BF70C00B78D5A /* Info.plist */,
			);
			name = "Supporting Files";
			sourceTree = "<group>";
		};
		94F19B5F246CBD2300710A0A /* Modules */ = {
			isa = PBXGroup;
			children = (
				94F19B66246CDE0E00710A0A /* Main */,
				94F19B65246CDE0600710A0A /* Download */,
			);
			path = Modules;
			sourceTree = "<group>";
		};
		94F19B60246CBD3700710A0A /* Animations */ = {
			isa = PBXGroup;
			children = (
				94AF590224B0522900F98598 /* cat.json */,
				94AF58FA24B04E6800F98598 /* test.json */,
				94F19B61246CBEA600710A0A /* download.json */,
				94F19B6D246CE29C00710A0A /* coffee.json */,
				94AF590424B05B3B00F98598 /* heart.json */,
			);
			path = Animations;
			sourceTree = "<group>";
		};
		94F19B65246CDE0600710A0A /* Download */ = {
			isa = PBXGroup;
			children = (
				94F19B63246CDDFF00710A0A /* DownloadViewController.swift */,
				94F19B67246CDEA900710A0A /* DownloadViewController.xib */,
			);
			path = Download;
			sourceTree = "<group>";
		};
		94F19B66246CDE0E00710A0A /* Main */ = {
			isa = PBXGroup;
			children = (
				94DF7AC0246BF70A00B78D5A /* ViewController.swift */,
				94DF7AC2246BF70A00B78D5A /* Main.storyboard */,
			);
			path = Main;
			sourceTree = "<group>";
		};
/* End PBXGroup section */

/* Begin PBXNativeTarget section */
		94DF7AB8246BF70A00B78D5A /* LottieTutorial */ = {
			isa = PBXNativeTarget;
			buildConfigurationList = 94DF7ACD246BF70C00B78D5A /* Build configuration list for PBXNativeTarget "LottieTutorial" */;
			buildPhases = (
				63BB85254959FB6A8D4721D0 /* [CP] Check Pods Manifest.lock */,
				94DF7AB5246BF70A00B78D5A /* Sources */,
				94DF7AB6246BF70A00B78D5A /* Frameworks */,
				94DF7AB7246BF70A00B78D5A /* Resources */,
			);
			buildRules = (
			);
			dependencies = (
			);
			name = LottieTutorial;
			productName = LottieTutorialTest;
			productReference = 94DF7AB9246BF70A00B78D5A /* LottieTutorial.app */;
			productType = "com.apple.product-type.application";
		};
/* End PBXNativeTarget section */

/* Begin PBXProject section */
		94DF7AB1246BF70A00B78D5A /* Project object */ = {
			isa = PBXProject;
			attributes = {
				LastSwiftUpdateCheck = 1140;
				LastUpgradeCheck = 1140;
				ORGANIZATIONNAME = LottieFiles;
				TargetAttributes = {
					94DF7AB8246BF70A00B78D5A = {
						CreatedOnToolsVersion = 11.4.1;
					};
				};
			};
			buildConfigurationList = 94DF7AB4246BF70A00B78D5A /* Build configuration list for PBXProject "LottieTutorial" */;
			compatibilityVersion = "Xcode 9.3";
			developmentRegion = en;
			hasScannedForEncodings = 0;
			knownRegions = (
				en,
				Base,
			);
			mainGroup = 94DF7AB0246BF70A00B78D5A;
			productRefGroup = 94DF7ABA246BF70A00B78D5A /* Products */;
			projectDirPath = "";
			projectRoot = "";
			targets = (
				94DF7AB8246BF70A00B78D5A /* LottieTutorial */,
			);
		};
/* End PBXProject section */

/* Begin PBXResourcesBuildPhase section */
		94DF7AB7246BF70A00B78D5A /* Resources */ = {
			isa = PBXResourcesBuildPhase;
			buildActionMask = 2147483647;
			files = (
				94AF590524B05B3B00F98598 /* heart.json in Resources */,
				94AF590324B0522900F98598 /* cat.json in Resources */,
				94F19B68246CDEA900710A0A /* DownloadViewController.xib in Resources */,
				94AF58FB24B04E6800F98598 /* test.json in Resources */,
				94DF7AC9246BF70C00B78D5A /* LaunchScreen.storyboard in Resources */,
				94DF7AC6246BF70C00B78D5A /* Assets.xcassets in Resources */,
				94F19B6E246CE29C00710A0A /* coffee.json in Resources */,
				94DF7AC4246BF70A00B78D5A /* Main.storyboard in Resources */,
				94F19B62246CBEA600710A0A /* download.json in Resources */,
			);
			runOnlyForDeploymentPostprocessing = 0;
		};
/* End PBXResourcesBuildPhase section */

/* Begin PBXShellScriptBuildPhase section */
		63BB85254959FB6A8D4721D0 /* [CP] Check Pods Manifest.lock */ = {
			isa = PBXShellScriptBuildPhase;
			buildActionMask = 2147483647;
			files = (
			);
			inputFileListPaths = (
			);
			inputPaths = (
				"${PODS_PODFILE_DIR_PATH}/Podfile.lock",
				"${PODS_ROOT}/Manifest.lock",
			);
			name = "[CP] Check Pods Manifest.lock";
			outputFileListPaths = (
			);
			outputPaths = (
				"$(DERIVED_FILE_DIR)/Pods-LottieTutorial-checkManifestLockResult.txt",
			);
			runOnlyForDeploymentPostprocessing = 0;
			shellPath = /bin/sh;
			shellScript = "diff \"${PODS_PODFILE_DIR_PATH}/Podfile.lock\" \"${PODS_ROOT}/Manifest.lock\" > /dev/null\nif [ $? != 0 ] ; then\n    # print error to STDERR\n    echo \"error: The sandbox is not in sync with the Podfile.lock. Run 'pod install' or update your CocoaPods installation.\" >&2\n    exit 1\nfi\n# This output is used by Xcode 'outputs' to avoid re-running this script phase.\necho \"SUCCESS\" > \"${SCRIPT_OUTPUT_FILE_0}\"\n";
			showEnvVarsInLog = 0;
		};
/* End PBXShellScriptBuildPhase section */

/* Begin PBXSourcesBuildPhase section */
		94DF7AB5246BF70A00B78D5A /* Sources */ = {
			isa = PBXSourcesBuildPhase;
			buildActionMask = 2147483647;
			files = (
				94DF7AC1246BF70A00B78D5A /* ViewController.swift in Sources */,
				94DF7ABD246BF70A00B78D5A /* AppDelegate.swift in Sources */,
				94F19B64246CDDFF00710A0A /* DownloadViewController.swift in Sources */,
				94DF7ABF246BF70A00B78D5A /* SceneDelegate.swift in Sources */,
			);
			runOnlyForDeploymentPostprocessing = 0;
		};
/* End PBXSourcesBuildPhase section */

/* Begin PBXVariantGroup section */
		94DF7AC2246BF70A00B78D5A /* Main.storyboard */ = {
			isa = PBXVariantGroup;
			children = (
				94DF7AC3246BF70A00B78D5A /* Base */,
			);
			name = Main.storyboard;
			sourceTree = "<group>";
		};
		94DF7AC7246BF70C00B78D5A /* LaunchScreen.storyboard */ = {
			isa = PBXVariantGroup;
			children = (
				94DF7AC8246BF70C00B78D5A /* Base */,
			);
			name = LaunchScreen.storyboard;
			sourceTree = "<group>";
		};
/* End PBXVariantGroup section */

/* Begin XCBuildConfiguration section */
		94DF7ACB246BF70C00B78D5A /* Debug */ = {
			isa = XCBuildConfiguration;
			buildSettings = {
				ALWAYS_SEARCH_USER_PATHS = NO;
				CLANG_ANALYZER_NONNULL = YES;
				CLANG_ANALYZER_NUMBER_OBJECT_CONVERSION = YES_AGGRESSIVE;
				CLANG_CXX_LANGUAGE_STANDARD = "gnu++14";
				CLANG_CXX_LIBRARY = "libc++";
				CLANG_ENABLE_MODULES = YES;
				CLANG_ENABLE_OBJC_ARC = YES;
				CLANG_ENABLE_OBJC_WEAK = YES;
				CLANG_WARN_BLOCK_CAPTURE_AUTORELEASING = YES;
				CLANG_WARN_BOOL_CONVERSION = YES;
				CLANG_WARN_COMMA = YES;
				CLANG_WARN_CONSTANT_CONVERSION = YES;
				CLANG_WARN_DEPRECATED_OBJC_IMPLEMENTATIONS = YES;
				CLANG_WARN_DIRECT_OBJC_ISA_USAGE = YES_ERROR;
				CLANG_WARN_DOCUMENTATION_COMMENTS = YES;
				CLANG_WARN_EMPTY_BODY = YES;
				CLANG_WARN_ENUM_CONVERSION = YES;
				CLANG_WARN_INFINITE_RECURSION = YES;
				CLANG_WARN_INT_CONVERSION = YES;
				CLANG_WARN_NON_LITERAL_NULL_CONVERSION = YES;
				CLANG_WARN_OBJC_IMPLICIT_RETAIN_SELF = YES;
				CLANG_WARN_OBJC_LITERAL_CONVERSION = YES;
				CLANG_WARN_OBJC_ROOT_CLASS = YES_ERROR;
				CLANG_WARN_RANGE_LOOP_ANALYSIS = YES;
				CLANG_WARN_STRICT_PROTOTYPES = YES;
				CLANG_WARN_SUSPICIOUS_MOVE = YES;
				CLANG_WARN_UNGUARDED_AVAILABILITY = YES_AGGRESSIVE;
				CLANG_WARN_UNREACHABLE_CODE = YES;
				CLANG_WARN__DUPLICATE_METHOD_MATCH = YES;
				COPY_PHASE_STRIP = NO;
				DEBUG_INFORMATION_FORMAT = dwarf;
				ENABLE_STRICT_OBJC_MSGSEND = YES;
				ENABLE_TESTABILITY = YES;
				GCC_C_LANGUAGE_STANDARD = gnu11;
				GCC_DYNAMIC_NO_PIC = NO;
				GCC_NO_COMMON_BLOCKS = YES;
				GCC_OPTIMIZATION_LEVEL = 0;
				GCC_PREPROCESSOR_DEFINITIONS = (
					"DEBUG=1",
					"$(inherited)",
				);
				GCC_WARN_64_TO_32_BIT_CONVERSION = YES;
				GCC_WARN_ABOUT_RETURN_TYPE = YES_ERROR;
				GCC_WARN_UNDECLARED_SELECTOR = YES;
				GCC_WARN_UNINITIALIZED_AUTOS = YES_AGGRESSIVE;
				GCC_WARN_UNUSED_FUNCTION = YES;
				GCC_WARN_UNUSED_VARIABLE = YES;
				IPHONEOS_DEPLOYMENT_TARGET = 13.4;
				MTL_ENABLE_DEBUG_INFO = INCLUDE_SOURCE;
				MTL_FAST_MATH = YES;
				ONLY_ACTIVE_ARCH = YES;
				SDKROOT = iphoneos;
				SWIFT_ACTIVE_COMPILATION_CONDITIONS = DEBUG;
				SWIFT_OPTIMIZATION_LEVEL = "-Onone";
			};
			name = Debug;
		};
		94DF7ACC246BF70C00B78D5A /* Release */ = {
			isa = XCBuildConfiguration;
			buildSettings = {
				ALWAYS_SEARCH_USER_PATHS = NO;
				CLANG_ANALYZER_NONNULL = YES;
				CLANG_ANALYZER_NUMBER_OBJECT_CONVERSION = YES_AGGRESSIVE;
				CLANG_CXX_LANGUAGE_STANDARD = "gnu++14";
				CLANG_CXX_LIBRARY = "libc++";
				CLANG_ENABLE_MODULES = YES;
				CLANG_ENABLE_OBJC_ARC = YES;
				CLANG_ENABLE_OBJC_WEAK = YES;
				CLANG_WARN_BLOCK_CAPTURE_AUTORELEASING = YES;
				CLANG_WARN_BOOL_CONVERSION = YES;
				CLANG_WARN_COMMA = YES;
				CLANG_WARN_CONSTANT_CONVERSION = YES;
				CLANG_WARN_DEPRECATED_OBJC_IMPLEMENTATIONS = YES;
				CLANG_WARN_DIRECT_OBJC_ISA_USAGE = YES_ERROR;
				CLANG_WARN_DOCUMENTATION_COMMENTS = YES;
				CLANG_WARN_EMPTY_BODY = YES;
				CLANG_WARN_ENUM_CONVERSION = YES;
				CLANG_WARN_INFINITE_RECURSION = YES;
				CLANG_WARN_INT_CONVERSION = YES;
				CLANG_WARN_NON_LITERAL_NULL_CONVERSION = YES;
				CLANG_WARN_OBJC_IMPLICIT_RETAIN_SELF = YES;
				CLANG_WARN_OBJC_LITERAL_CONVERSION = YES;
				CLANG_WARN_OBJC_ROOT_CLASS = YES_ERROR;
				CLANG_WARN_RANGE_LOOP_ANALYSIS = YES;
				CLANG_WARN_STRICT_PROTOTYPES = YES;
				CLANG_WARN_SUSPICIOUS_MOVE = YES;
				CLANG_WARN_UNGUARDED_AVAILABILITY = YES_AGGRESSIVE;
				CLANG_WARN_UNREACHABLE_CODE = YES;
				CLANG_WARN__DUPLICATE_METHOD_MATCH = YES;
				COPY_PHASE_STRIP = NO;
				DEBUG_INFORMATION_FORMAT = "dwarf-with-dsym";
				ENABLE_NS_ASSERTIONS = NO;
				ENABLE_STRICT_OBJC_MSGSEND = YES;
				GCC_C_LANGUAGE_STANDARD = gnu11;
				GCC_NO_COMMON_BLOCKS = YES;
				GCC_WARN_64_TO_32_BIT_CONVERSION = YES;
				GCC_WARN_ABOUT_RETURN_TYPE = YES_ERROR;
				GCC_WARN_UNDECLARED_SELECTOR = YES;
				GCC_WARN_UNINITIALIZED_AUTOS = YES_AGGRESSIVE;
				GCC_WARN_UNUSED_FUNCTION = YES;
				GCC_WARN_UNUSED_VARIABLE = YES;
				IPHONEOS_DEPLOYMENT_TARGET = 13.4;
				MTL_ENABLE_DEBUG_INFO = NO;
				MTL_FAST_MATH = YES;
				SDKROOT = iphoneos;
				SWIFT_COMPILATION_MODE = wholemodule;
				SWIFT_OPTIMIZATION_LEVEL = "-O";
				VALIDATE_PRODUCT = YES;
			};
			name = Release;
		};
		94DF7ACE246BF70C00B78D5A /* Debug */ = {
			isa = XCBuildConfiguration;
			baseConfigurationReference = FEBCB43527081FFD6C3F9843 /* Pods-LottieTutorial.debug.xcconfig */;
			buildSettings = {
				ASSETCATALOG_COMPILER_APPICON_NAME = AppIcon;
				CODE_SIGN_STYLE = Automatic;
				DEVELOPMENT_TEAM = S2DSCP4F3H;
				INFOPLIST_FILE = LottieTutorialTest/Info.plist;
				LD_RUNPATH_SEARCH_PATHS = (
					"$(inherited)",
					"@executable_path/Frameworks",
				);
				PRODUCT_BUNDLE_IDENTIFIER = com.lottiefiles.LottieTutorialTest;
				PRODUCT_NAME = "$(TARGET_NAME)";
				SWIFT_VERSION = 5.0;
				TARGETED_DEVICE_FAMILY = "1,2";
			};
			name = Debug;
		};
		94DF7ACF246BF70C00B78D5A /* Release */ = {
			isa = XCBuildConfiguration;
			baseConfigurationReference = 11C6C5C7959E52B62DF4AC20 /* Pods-LottieTutorial.release.xcconfig */;
			buildSettings = {
				ASSETCATALOG_COMPILER_APPICON_NAME = AppIcon;
				CODE_SIGN_STYLE = Automatic;
				DEVELOPMENT_TEAM = S2DSCP4F3H;
				INFOPLIST_FILE = LottieTutorialTest/Info.plist;
				LD_RUNPATH_SEARCH_PATHS = (
					"$(inherited)",
					"@executable_path/Frameworks",
				);
				PRODUCT_BUNDLE_IDENTIFIER = com.lottiefiles.LottieTutorialTest;
				PRODUCT_NAME = "$(TARGET_NAME)";
				SWIFT_VERSION = 5.0;
				TARGETED_DEVICE_FAMILY = "1,2";
			};
			name = Release;
		};
/* End XCBuildConfiguration section */

/* Begin XCConfigurationList section */
		94DF7AB4246BF70A00B78D5A /* Build configuration list for PBXProject "LottieTutorial" */ = {
			isa = XCConfigurationList;
			buildConfigurations = (
				94DF7ACB246BF70C00B78D5A /* Debug */,
				94DF7ACC246BF70C00B78D5A /* Release */,
			);
			defaultConfigurationIsVisible = 0;
			defaultConfigurationName = Release;
		};
		94DF7ACD246BF70C00B78D5A /* Build configuration list for PBXNativeTarget "LottieTutorial" */ = {
			isa = XCConfigurationList;
			buildConfigurations = (
				94DF7ACE246BF70C00B78D5A /* Debug */,
				94DF7ACF246BF70C00B78D5A /* Release */,
			);
			defaultConfigurationIsVisible = 0;
			defaultConfigurationName = Release;
		};
/* End XCConfigurationList section */
	};
	rootObject = 94DF7AB1246BF70A00B78D5A /* Project object */;
}
